
Microsoft Visual Studio Solution File, Format Version 12.00
# Visual Studio Version 16
VisualStudioVersion = 16.0.29728.190
MinimumVisualStudioVersion = 10.0.40219.1
Project("{FAE04EC0-301F-11D3-BF4B-00C04F79EFBC}") = "ExerciseEmployee", "ExerciseEmployee\ExerciseEmployee.csproj", "{A1E5F634-30E2-40A4-99CF-E0426F3A0764}"
EndProject
Global
	GlobalSection(SolutionConfigurationPlatforms) = preSolution
		Debug|Any CPU = Debug|Any CPU
		Release|Any CPU = Release|Any CPU
	EndGlobalSection
	GlobalSection(ProjectConfigurationPlatforms) = postSolution
		{A1E5F634-30E2-40A4-99CF-E0426F3A0764}.Debug|Any CPU.ActiveCfg = Debug|Any CPU
		{A1E5F634-30E2-40A4-99CF-E0426F3A0764}.Debug|Any CPU.Build.0 = Debug|Any CPU
		{A1E5F634-30E2-40A4-99CF-E0426F3A0764}.Release|Any CPU.ActiveCfg = Release|Any CPU
		{A1E5F634-30E2-40A4-99CF-E0426F3A0764}.Release|Any CPU.Build.0 = Release|Any CPU
	EndGlobalSection
	GlobalSection(SolutionProperties) = preSolution
		HideSolutionNode = FALSE
	EndGlobalSection
	GlobalSection(ExtensibilityGlobals) = postSolution
		SolutionGuid = {39837F9C-7611-4EA4-98D2-69120C8B0B2F}
	EndGlobalSection
EndGlobal
